
Microsoft Visual Studio Solution File, Format Version 12.00
# Visual Studio Version 17
VisualStudioVersion = 17.9.34607.119
MinimumVisualStudioVersion = 10.0.40219.1
Project("{FAE04EC0-301F-11D3-BF4B-00C04F79EFBC}") = "EvaExhchange", "EvaExhchange\EvaExhchange.csproj", "{B42E7216-CFC8-40FD-9DFD-859055C5E744}"
EndProject
Global
	GlobalSection(SolutionConfigurationPlatforms) = preSolution
		Debug|Any CPU = Debug|Any CPU
		Release|Any CPU = Release|Any CPU
	EndGlobalSection
	GlobalSection(ProjectConfigurationPlatforms) = postSolution
		{B42E7216-CFC8-40FD-9DFD-859055C5E744}.Debug|Any CPU.ActiveCfg = Debug|Any CPU
		{B42E7216-CFC8-40FD-9DFD-859055C5E744}.Debug|Any CPU.Build.0 = Debug|Any CPU
		{B42E7216-CFC8-40FD-9DFD-859055C5E744}.Release|Any CPU.ActiveCfg = Release|Any CPU
		{B42E7216-CFC8-40FD-9DFD-859055C5E744}.Release|Any CPU.Build.0 = Release|Any CPU
	EndGlobalSection
	GlobalSection(SolutionProperties) = preSolution
		HideSolutionNode = FALSE
	EndGlobalSection
	GlobalSection(ExtensibilityGlobals) = postSolution
		SolutionGuid = {D593E3DA-FBF3-4023-B8A2-09F236778240}
	EndGlobalSection
EndGlobal
